// !$*UTF8*$!
{
	archiveVersion = 1;
	classes = {
	};
	objectVersion = 56;
	objects = {

/* Begin PBXBuildFile section */
		5AAC93672B8B73EC00AAA6A6 /* AirSpeakerApp.swift in Sources */ = {isa = PBXBuildFile; fileRef = 5AAC93662B8B73EC00AAA6A6 /* AirSpeakerApp.swift */; };
		5AAC936B2B8B73EC00AAA6A6 /* ImmersiveView.swift in Sources */ = {isa = PBXBuildFile; fileRef = 5AAC936A2B8B73EC00AAA6A6 /* ImmersiveView.swift */; };
		5AAC936D2B8B73ED00AAA6A6 /* Assets.xcassets in Resources */ = {isa = PBXBuildFile; fileRef = 5AAC936C2B8B73ED00AAA6A6 /* Assets.xcassets */; };
		5AAC93702B8B73ED00AAA6A6 /* Preview Assets.xcassets in Resources */ = {isa = PBXBuildFile; fileRef = 5AAC936F2B8B73ED00AAA6A6 /* Preview Assets.xcassets */; };
		5AAC937B2B8B73ED00AAA6A6 /* AirSpeakerTests.swift in Sources */ = {isa = PBXBuildFile; fileRef = 5AAC937A2B8B73ED00AAA6A6 /* AirSpeakerTests.swift */; };
		5AB862BE2B92262C0054BAC1 /* jbl_charge.usdz in Resources */ = {isa = PBXBuildFile; fileRef = 5AB862BD2B92262C0054BAC1 /* jbl_charge.usdz */; };
/* End PBXBuildFile section */

/* Begin PBXContainerItemProxy section */
		5AAC93772B8B73ED00AAA6A6 /* PBXContainerItemProxy */ = {
			isa = PBXContainerItemProxy;
			containerPortal = 5AAC93572B8B73EC00AAA6A6 /* Project object */;
			proxyType = 1;
			remoteGlobalIDString = 5AAC935E2B8B73EC00AAA6A6;
			remoteInfo = AirSpeaker;
		};
/* End PBXContainerItemProxy section */

/* Begin PBXFileReference section */
		5AAC935F2B8B73EC00AAA6A6 /* AirSpeaker.app */ = {isa = PBXFileReference; explicitFileType = wrapper.application; includeInIndex = 0; path = AirSpeaker.app; sourceTree = BUILT_PRODUCTS_DIR; };
		5AAC93662B8B73EC00AAA6A6 /* AirSpeakerApp.swift */ = {isa = PBXFileReference; lastKnownFileType = sourcecode.swift; path = AirSpeakerApp.swift; sourceTree = "<group>"; };
		5AAC936A2B8B73EC00AAA6A6 /* ImmersiveView.swift */ = {isa = PBXFileReference; lastKnownFileType = sourcecode.swift; path = ImmersiveView.swift; sourceTree = "<group>"; };
		5AAC936C2B8B73ED00AAA6A6 /* Assets.xcassets */ = {isa = PBXFileReference; lastKnownFileType = folder.assetcatalog; path = Assets.xcassets; sourceTree = "<group>"; };
		5AAC936F2B8B73ED00AAA6A6 /* Preview Assets.xcassets */ = {isa = PBXFileReference; lastKnownFileType = folder.assetcatalog; path = "Preview Assets.xcassets"; sourceTree = "<group>"; };
		5AAC93712B8B73ED00AAA6A6 /* Info.plist */ = {isa = PBXFileReference; lastKnownFileType = text.plist.xml; path = Info.plist; sourceTree = "<group>"; };
		5AAC93762B8B73ED00AAA6A6 /* AirSpeakerTests.xctest */ = {isa = PBXFileReference; explicitFileType = wrapper.cfbundle; includeInIndex = 0; path = AirSpeakerTests.xctest; sourceTree = BUILT_PRODUCTS_DIR; };
		5AAC937A2B8B73ED00AAA6A6 /* AirSpeakerTests.swift */ = {isa = PBXFileReference; lastKnownFileType = sourcecode.swift; path = AirSpeakerTests.swift; sourceTree = "<group>"; };
		5AB862BD2B92262C0054BAC1 /* jbl_charge.usdz */ = {isa = PBXFileReference; lastKnownFileType = file.usdz; path = jbl_charge.usdz; sourceTree = "<group>"; };
/* End PBXFileReference section */

/* Begin PBXFrameworksBuildPhase section */
		5AAC935C2B8B73EC00AAA6A6 /* Frameworks */ = {
			isa = PBXFrameworksBuildPhase;
			buildActionMask = 2147483647;
			files = (
			);
			runOnlyForDeploymentPostprocessing = 0;
		};
		5AAC93732B8B73ED00AAA6A6 /* Frameworks */ = {
			isa = PBXFrameworksBuildPhase;
			buildActionMask = 2147483647;
			files = (
			);
			runOnlyForDeploymentPostprocessing = 0;
		};
/* End PBXFrameworksBuildPhase section */

/* Begin PBXGroup section */
		5AAC93562B8B73EC00AAA6A6 = {
			isa = PBXGroup;
			children = (
				5AAC93612B8B73EC00AAA6A6 /* AirSpeaker */,
				5AAC93622B8B73EC00AAA6A6 /* Packages */,
				5AAC93792B8B73ED00AAA6A6 /* AirSpeakerTests */,
				5AAC93602B8B73EC00AAA6A6 /* Products */,
			);
			sourceTree = "<group>";
		};
		5AAC93602B8B73EC00AAA6A6 /* Products */ = {
			isa = PBXGroup;
			children = (
				5AAC935F2B8B73EC00AAA6A6 /* AirSpeaker.app */,
				5AAC93762B8B73ED00AAA6A6 /* AirSpeakerTests.xctest */,
			);
			name = Products;
			sourceTree = "<group>";
		};
		5AAC93612B8B73EC00AAA6A6 /* AirSpeaker */ = {
			isa = PBXGroup;
			children = (
				5AAC93662B8B73EC00AAA6A6 /* AirSpeakerApp.swift */,
				5AAC936A2B8B73EC00AAA6A6 /* ImmersiveView.swift */,
				5AB862BD2B92262C0054BAC1 /* jbl_charge.usdz */,
				5AAC936C2B8B73ED00AAA6A6 /* Assets.xcassets */,
				5AAC93712B8B73ED00AAA6A6 /* Info.plist */,
				5AAC936E2B8B73ED00AAA6A6 /* Preview Content */,
			);
			path = AirSpeaker;
			sourceTree = "<group>";
		};
		5AAC93622B8B73EC00AAA6A6 /* Packages */ = {
			isa = PBXGroup;
			children = (
			);
			path = Packages;
			sourceTree = "<group>";
		};
		5AAC936E2B8B73ED00AAA6A6 /* Preview Content */ = {
			isa = PBXGroup;
			children = (
				5AAC936F2B8B73ED00AAA6A6 /* Preview Assets.xcassets */,
			);
			path = "Preview Content";
			sourceTree = "<group>";
		};
		5AAC93792B8B73ED00AAA6A6 /* AirSpeakerTests */ = {
			isa = PBXGroup;
			children = (
				5AAC937A2B8B73ED00AAA6A6 /* AirSpeakerTests.swift */,
			);
			path = AirSpeakerTests;
			sourceTree = "<group>";
		};
/* End PBXGroup section */

/* Begin PBXNativeTarget section */
		5AAC935E2B8B73EC00AAA6A6 /* AirSpeaker */ = {
			isa = PBXNativeTarget;
			buildConfigurationList = 5AAC937E2B8B73ED00AAA6A6 /* Build configuration list for PBXNativeTarget "AirSpeaker" */;
			buildPhases = (
				5AAC935B2B8B73EC00AAA6A6 /* Sources */,
				5AAC935C2B8B73EC00AAA6A6 /* Frameworks */,
				5AAC935D2B8B73EC00AAA6A6 /* Resources */,
			);
			buildRules = (
			);
			dependencies = (
			);
			name = AirSpeaker;
			packageProductDependencies = (
			);
			productName = AirSpeaker;
			productReference = 5AAC935F2B8B73EC00AAA6A6 /* AirSpeaker.app */;
			productType = "com.apple.product-type.application";
		};
		5AAC93752B8B73ED00AAA6A6 /* AirSpeakerTests */ = {
			isa = PBXNativeTarget;
			buildConfigurationList = 5AAC93812B8B73ED00AAA6A6 /* Build configuration list for PBXNativeTarget "AirSpeakerTests" */;
			buildPhases = (
				5AAC93722B8B73ED00AAA6A6 /* Sources */,
				5AAC93732B8B73ED00AAA6A6 /* Frameworks */,
				5AAC93742B8B73ED00AAA6A6 /* Resources */,
			);
			buildRules = (
			);
			dependencies = (
				5AAC93782B8B73ED00AAA6A6 /* PBXTargetDependency */,
			);
			name = AirSpeakerTests;
			productName = AirSpeakerTests;
			productReference = 5AAC93762B8B73ED00AAA6A6 /* AirSpeakerTests.xctest */;
			productType = "com.apple.product-type.bundle.unit-test";
		};
/* End PBXNativeTarget section */

/* Begin PBXProject section */
		5AAC93572B8B73EC00AAA6A6 /* Project object */ = {
			isa = PBXProject;
			attributes = {
				BuildIndependentTargetsInParallel = 1;
				LastSwiftUpdateCheck = 1520;
				LastUpgradeCheck = 1520;
				TargetAttributes = {
					5AAC935E2B8B73EC00AAA6A6 = {
						CreatedOnToolsVersion = 15.2;
					};
					5AAC93752B8B73ED00AAA6A6 = {
						CreatedOnToolsVersion = 15.2;
						TestTargetID = 5AAC935E2B8B73EC00AAA6A6;
					};
				};
			};
			buildConfigurationList = 5AAC935A2B8B73EC00AAA6A6 /* Build configuration list for PBXProject "AirSpeaker" */;
			compatibilityVersion = "Xcode 14.0";
			developmentRegion = en;
			hasScannedForEncodings = 0;
			knownRegions = (
				en,
				Base,
			);
			mainGroup = 5AAC93562B8B73EC00AAA6A6;
			productRefGroup = 5AAC93602B8B73EC00AAA6A6 /* Products */;
			projectDirPath = "";
			projectRoot = "";
			targets = (
				5AAC935E2B8B73EC00AAA6A6 /* AirSpeaker */,
				5AAC93752B8B73ED00AAA6A6 /* AirSpeakerTests */,
			);
		};
/* End PBXProject section */

/* Begin PBXResourcesBuildPhase section */
		5AAC935D2B8B73EC00AAA6A6 /* Resources */ = {
			isa = PBXResourcesBuildPhase;
			buildActionMask = 2147483647;
			files = (
				5AAC93702B8B73ED00AAA6A6 /* Preview Assets.xcassets in Resources */,
				5AAC936D2B8B73ED00AAA6A6 /* Assets.xcassets in Resources */,
				5AB862BE2B92262C0054BAC1 /* jbl_charge.usdz in Resources */,
			);
			runOnlyForDeploymentPostprocessing = 0;
		};
		5AAC93742B8B73ED00AAA6A6 /* Resources */ = {
			isa = PBXResourcesBuildPhase;
			buildActionMask = 2147483647;
			files = (
			);
			runOnlyForDeploymentPostprocessing = 0;
		};
/* End PBXResourcesBuildPhase section */

/* Begin PBXSourcesBuildPhase section */
		5AAC935B2B8B73EC00AAA6A6 /* Sources */ = {
			isa = PBXSourcesBuildPhase;
			buildActionMask = 2147483647;
			files = (
				5AAC93672B8B73EC00AAA6A6 /* AirSpeakerApp.swift in Sources */,
				5AAC936B2B8B73EC00AAA6A6 /* ImmersiveView.swift in Sources */,
			);
			runOnlyForDeploymentPostprocessing = 0;
		};
		5AAC93722B8B73ED00AAA6A6 /* Sources */ = {
			isa = PBXSourcesBuildPhase;
			buildActionMask = 2147483647;
			files = (
				5AAC937B2B8B73ED00AAA6A6 /* AirSpeakerTests.swift in Sources */,
			);
			runOnlyForDeploymentPostprocessing = 0;
		};
/* End PBXSourcesBuildPhase section */

/* Begin PBXTargetDependency section */
		5AAC93782B8B73ED00AAA6A6 /* PBXTargetDependency */ = {
			isa = PBXTargetDependency;
			target = 5AAC935E2B8B73EC00AAA6A6 /* AirSpeaker */;
			targetProxy = 5AAC93772B8B73ED00AAA6A6 /* PBXContainerItemProxy */;
		};
/* End PBXTargetDependency section */

/* Begin XCBuildConfiguration section */
		5AAC937C2B8B73ED00AAA6A6 /* Debug */ = {
			isa = XCBuildConfiguration;
			buildSettings = {
				ALWAYS_SEARCH_USER_PATHS = NO;
				ASSETCATALOG_COMPILER_GENERATE_SWIFT_ASSET_SYMBOL_EXTENSIONS = YES;
				CLANG_ANALYZER_NONNULL = YES;
				CLANG_ANALYZER_NUMBER_OBJECT_CONVERSION = YES_AGGRESSIVE;
				CLANG_CXX_LANGUAGE_STANDARD = "gnu++20";
				CLANG_ENABLE_MODULES = YES;
				CLANG_ENABLE_OBJC_ARC = YES;
				CLANG_ENABLE_OBJC_WEAK = YES;
				CLANG_WARN_BLOCK_CAPTURE_AUTORELEASING = YES;
				CLANG_WARN_BOOL_CONVERSION = YES;
				CLANG_WARN_COMMA = YES;
				CLANG_WARN_CONSTANT_CONVERSION = YES;
				CLANG_WARN_DEPRECATED_OBJC_IMPLEMENTATIONS = YES;
				CLANG_WARN_DIRECT_OBJC_ISA_USAGE = YES_ERROR;
				CLANG_WARN_DOCUMENTATION_COMMENTS = YES;
				CLANG_WARN_EMPTY_BODY = YES;
				CLANG_WARN_ENUM_CONVERSION = YES;
				CLANG_WARN_INFINITE_RECURSION = YES;
				CLANG_WARN_INT_CONVERSION = YES;
				CLANG_WARN_NON_LITERAL_NULL_CONVERSION = YES;
				CLANG_WARN_OBJC_IMPLICIT_RETAIN_SELF = YES;
				CLANG_WARN_OBJC_LITERAL_CONVERSION = YES;
				CLANG_WARN_OBJC_ROOT_CLASS = YES_ERROR;
				CLANG_WARN_QUOTED_INCLUDE_IN_FRAMEWORK_HEADER = YES;
				CLANG_WARN_RANGE_LOOP_ANALYSIS = YES;
				CLANG_WARN_STRICT_PROTOTYPES = YES;
				CLANG_WARN_SUSPICIOUS_MOVE = YES;
				CLANG_WARN_UNGUARDED_AVAILABILITY = YES_AGGRESSIVE;
				CLANG_WARN_UNREACHABLE_CODE = YES;
				CLANG_WARN__DUPLICATE_METHOD_MATCH = YES;
				COPY_PHASE_STRIP = NO;
				DEBUG_INFORMATION_FORMAT = dwarf;
				ENABLE_STRICT_OBJC_MSGSEND = YES;
				ENABLE_TESTABILITY = YES;
				ENABLE_USER_SCRIPT_SANDBOXING = YES;
				GCC_C_LANGUAGE_STANDARD = gnu17;
				GCC_DYNAMIC_NO_PIC = NO;
				GCC_NO_COMMON_BLOCKS = YES;
				GCC_OPTIMIZATION_LEVEL = 0;
				GCC_PREPROCESSOR_DEFINITIONS = (
					"DEBUG=1",
					"$(inherited)",
				);
				GCC_WARN_64_TO_32_BIT_CONVERSION = YES;
				GCC_WARN_ABOUT_RETURN_TYPE = YES_ERROR;
				GCC_WARN_UNDECLARED_SELECTOR = YES;
				GCC_WARN_UNINITIALIZED_AUTOS = YES_AGGRESSIVE;
				GCC_WARN_UNUSED_FUNCTION = YES;
				GCC_WARN_UNUSED_VARIABLE = YES;
				LOCALIZATION_PREFERS_STRING_CATALOGS = YES;
				MTL_ENABLE_DEBUG_INFO = INCLUDE_SOURCE;
				MTL_FAST_MATH = YES;
				ONLY_ACTIVE_ARCH = YES;
				SDKROOT = xros;
				SWIFT_ACTIVE_COMPILATION_CONDITIONS = "DEBUG $(inherited)";
				SWIFT_OPTIMIZATION_LEVEL = "-Onone";
				XROS_DEPLOYMENT_TARGET = 1.0;
			};
			name = Debug;
		};
		5AAC937D2B8B73ED00AAA6A6 /* Release */ = {
			isa = XCBuildConfiguration;
			buildSettings = {
				ALWAYS_SEARCH_USER_PATHS = NO;
				ASSETCATALOG_COMPILER_GENERATE_SWIFT_ASSET_SYMBOL_EXTENSIONS = YES;
				CLANG_ANALYZER_NONNULL = YES;
				CLANG_ANALYZER_NUMBER_OBJECT_CONVERSION = YES_AGGRESSIVE;
				CLANG_CXX_LANGUAGE_STANDARD = "gnu++20";
				CLANG_ENABLE_MODULES = YES;
				CLANG_ENABLE_OBJC_ARC = YES;
				CLANG_ENABLE_OBJC_WEAK = YES;
				CLANG_WARN_BLOCK_CAPTURE_AUTORELEASING = YES;
				CLANG_WARN_BOOL_CONVERSION = YES;
				CLANG_WARN_COMMA = YES;
				CLANG_WARN_CONSTANT_CONVERSION = YES;
				CLANG_WARN_DEPRECATED_OBJC_IMPLEMENTATIONS = YES;
				CLANG_WARN_DIRECT_OBJC_ISA_USAGE = YES_ERROR;
				CLANG_WARN_DOCUMENTATION_COMMENTS = YES;
				CLANG_WARN_EMPTY_BODY = YES;
				CLANG_WARN_ENUM_CONVERSION = YES;
				CLANG_WARN_INFINITE_RECURSION = YES;
				CLANG_WARN_INT_CONVERSION = YES;
				CLANG_WARN_NON_LITERAL_NULL_CONVERSION = YES;
				CLANG_WARN_OBJC_IMPLICIT_RETAIN_SELF = YES;
				CLANG_WARN_OBJC_LITERAL_CONVERSION = YES;
				CLANG_WARN_OBJC_ROOT_CLASS = YES_ERROR;
				CLANG_WARN_QUOTED_INCLUDE_IN_FRAMEWORK_HEADER = YES;
				CLANG_WARN_RANGE_LOOP_ANALYSIS = YES;
				CLANG_WARN_STRICT_PROTOTYPES = YES;
				CLANG_WARN_SUSPICIOUS_MOVE = YES;
				CLANG_WARN_UNGUARDED_AVAILABILITY = YES_AGGRESSIVE;
				CLANG_WARN_UNREACHABLE_CODE = YES;
				CLANG_WARN__DUPLICATE_METHOD_MATCH = YES;
				COPY_PHASE_STRIP = NO;
				DEBUG_INFORMATION_FORMAT = "dwarf-with-dsym";
				ENABLE_NS_ASSERTIONS = NO;
				ENABLE_STRICT_OBJC_MSGSEND = YES;
				ENABLE_USER_SCRIPT_SANDBOXING = YES;
				GCC_C_LANGUAGE_STANDARD = gnu17;
				GCC_NO_COMMON_BLOCKS = YES;
				GCC_WARN_64_TO_32_BIT_CONVERSION = YES;
				GCC_WARN_ABOUT_RETURN_TYPE = YES_ERROR;
				GCC_WARN_UNDECLARED_SELECTOR = YES;
				GCC_WARN_UNINITIALIZED_AUTOS = YES_AGGRESSIVE;
				GCC_WARN_UNUSED_FUNCTION = YES;
				GCC_WARN_UNUSED_VARIABLE = YES;
				LOCALIZATION_PREFERS_STRING_CATALOGS = YES;
				MTL_ENABLE_DEBUG_INFO = NO;
				MTL_FAST_MATH = YES;
				SDKROOT = xros;
				SWIFT_COMPILATION_MODE = wholemodule;
				VALIDATE_PRODUCT = YES;
				XROS_DEPLOYMENT_TARGET = 1.0;
			};
			name = Release;
		};
		5AAC937F2B8B73ED00AAA6A6 /* Debug */ = {
			isa = XCBuildConfiguration;
			buildSettings = {
				ASSETCATALOG_COMPILER_APPICON_NAME = AppIcon;
				ASSETCATALOG_COMPILER_GLOBAL_ACCENT_COLOR_NAME = AccentColor;
				CODE_SIGN_STYLE = Automatic;
				CURRENT_PROJECT_VERSION = 1;
				DEVELOPMENT_ASSET_PATHS = "\"AirSpeaker/Preview Content\"";
				DEVELOPMENT_TEAM = VGKE7KP8GF;
				ENABLE_PREVIEWS = YES;
				GENERATE_INFOPLIST_FILE = YES;
				INFOPLIST_FILE = "$(TARGET_NAME)/Info.plist";
				LD_RUNPATH_SEARCH_PATHS = (
					"$(inherited)",
					"@executable_path/Frameworks",
				);
				MARKETING_VERSION = 1.0;
				PRODUCT_BUNDLE_IDENTIFIER = com.vinamelody.xr.AirSpeaker;
				PRODUCT_NAME = "$(TARGET_NAME)";
				SUPPORTED_PLATFORMS = "xros xrsimulator";
				SWIFT_EMIT_LOC_STRINGS = YES;
				SWIFT_VERSION = 5.0;
				TARGETED_DEVICE_FAMILY = "1,2,7";
			};
			name = Debug;
		};
		5AAC93802B8B73ED00AAA6A6 /* Release */ = {
			isa = XCBuildConfiguration;
			buildSettings = {
				ASSETCATALOG_COMPILER_APPICON_NAME = AppIcon;
				ASSETCATALOG_COMPILER_GLOBAL_ACCENT_COLOR_NAME = AccentColor;
				CODE_SIGN_STYLE = Automatic;
				CURRENT_PROJECT_VERSION = 1;
				DEVELOPMENT_ASSET_PATHS = "\"AirSpeaker/Preview Content\"";
				DEVELOPMENT_TEAM = VGKE7KP8GF;
				ENABLE_PREVIEWS = YES;
				GENERATE_INFOPLIST_FILE = YES;
				INFOPLIST_FILE = "$(TARGET_NAME)/Info.plist";
				LD_RUNPATH_SEARCH_PATHS = (
					"$(inherited)",
					"@executable_path/Frameworks",
				);
				MARKETING_VERSION = 1.0;
				PRODUCT_BUNDLE_IDENTIFIER = com.vinamelody.xr.AirSpeaker;
				PRODUCT_NAME = "$(TARGET_NAME)";
				SUPPORTED_PLATFORMS = "xros xrsimulator";
				SWIFT_EMIT_LOC_STRINGS = YES;
				SWIFT_VERSION = 5.0;
				TARGETED_DEVICE_FAMILY = "1,2,7";
			};
			name = Release;
		};
		5AAC93822B8B73ED00AAA6A6 /* Debug */ = {
			isa = XCBuildConfiguration;
			buildSettings = {
				ALWAYS_EMBED_SWIFT_STANDARD_LIBRARIES = YES;
				BUNDLE_LOADER = "$(TEST_HOST)";
				CODE_SIGN_STYLE = Automatic;
				CURRENT_PROJECT_VERSION = 1;
				DEVELOPMENT_TEAM = VGKE7KP8GF;
				GENERATE_INFOPLIST_FILE = YES;
				MARKETING_VERSION = 1.0;
				PRODUCT_BUNDLE_IDENTIFIER = com.vinamelody.xr.AirSpeakerTests;
				PRODUCT_NAME = "$(TARGET_NAME)";
				SUPPORTED_PLATFORMS = "xros xrsimulator";
				SWIFT_EMIT_LOC_STRINGS = NO;
				SWIFT_VERSION = 5.0;
				TARGETED_DEVICE_FAMILY = "1,2,7";
				TEST_HOST = "$(BUILT_PRODUCTS_DIR)/AirSpeaker.app/$(BUNDLE_EXECUTABLE_FOLDER_PATH)/AirSpeaker";
				XROS_DEPLOYMENT_TARGET = 1.0;
			};
			name = Debug;
		};
		5AAC93832B8B73ED00AAA6A6 /* Release */ = {
			isa = XCBuildConfiguration;
			buildSettings = {
				ALWAYS_EMBED_SWIFT_STANDARD_LIBRARIES = YES;
				BUNDLE_LOADER = "$(TEST_HOST)";
				CODE_SIGN_STYLE = Automatic;
				CURRENT_PROJECT_VERSION = 1;
				DEVELOPMENT_TEAM = VGKE7KP8GF;
				GENERATE_INFOPLIST_FILE = YES;
				MARKETING_VERSION = 1.0;
				PRODUCT_BUNDLE_IDENTIFIER = com.vinamelody.xr.AirSpeakerTests;
				PRODUCT_NAME = "$(TARGET_NAME)";
				SUPPORTED_PLATFORMS = "xros xrsimulator";
				SWIFT_EMIT_LOC_STRINGS = NO;
				SWIFT_VERSION = 5.0;
				TARGETED_DEVICE_FAMILY = "1,2,7";
				TEST_HOST = "$(BUILT_PRODUCTS_DIR)/AirSpeaker.app/$(BUNDLE_EXECUTABLE_FOLDER_PATH)/AirSpeaker";
				XROS_DEPLOYMENT_TARGET = 1.0;
			};
			name = Release;
		};
/* End XCBuildConfiguration section */

/* Begin XCConfigurationList section */
		5AAC935A2B8B73EC00AAA6A6 /* Build configuration list for PBXProject "AirSpeaker" */ = {
			isa = XCConfigurationList;
			buildConfigurations = (
				5AAC937C2B8B73ED00AAA6A6 /* Debug */,
				5AAC937D2B8B73ED00AAA6A6 /* Release */,
			);
			defaultConfigurationIsVisible = 0;
			defaultConfigurationName = Release;
		};
		5AAC937E2B8B73ED00AAA6A6 /* Build configuration list for PBXNativeTarget "AirSpeaker" */ = {
			isa = XCConfigurationList;
			buildConfigurations = (
				5AAC937F2B8B73ED00AAA6A6 /* Debug */,
				5AAC93802B8B73ED00AAA6A6 /* Release */,
			);
			defaultConfigurationIsVisible = 0;
			defaultConfigurationName = Release;
		};
		5AAC93812B8B73ED00AAA6A6 /* Build configuration list for PBXNativeTarget "AirSpeakerTests" */ = {
			isa = XCConfigurationList;
			buildConfigurations = (
				5AAC93822B8B73ED00AAA6A6 /* Debug */,
				5AAC93832B8B73ED00AAA6A6 /* Release */,
			);
			defaultConfigurationIsVisible = 0;
			defaultConfigurationName = Release;
		};
/* End XCConfigurationList section */
	};
	rootObject = 5AAC93572B8B73EC00AAA6A6 /* Project object */;
}
